
Microsoft Visual Studio Solution File, Format Version 12.00
# Visual Studio Version 17
VisualStudioVersion = 17.5.002.0
MinimumVisualStudioVersion = 10.0.40219.1
Project("{9A19103F-16F7-4668-BE54-9A1E7A4F7556}") = "DynamicFormBlazor", "DynamicFormBlazor.csproj", "{B6A242EA-EB81-4033-94C6-0C9B1B77B4AF}"
EndProject
Global
	GlobalSection(SolutionConfigurationPlatforms) = preSolution
		Debug|Any CPU = Debug|Any CPU
		Release|Any CPU = Release|Any CPU
	EndGlobalSection
	GlobalSection(ProjectConfigurationPlatforms) = postSolution
		{B6A242EA-EB81-4033-94C6-0C9B1B77B4AF}.Debug|Any CPU.ActiveCfg = Debug|Any CPU
		{B6A242EA-EB81-4033-94C6-0C9B1B77B4AF}.Debug|Any CPU.Build.0 = Debug|Any CPU
		{B6A242EA-EB81-4033-94C6-0C9B1B77B4AF}.Release|Any CPU.ActiveCfg = Release|Any CPU
		{B6A242EA-EB81-4033-94C6-0C9B1B77B4AF}.Release|Any CPU.Build.0 = Release|Any CPU
	EndGlobalSection
	GlobalSection(SolutionProperties) = preSolution
		HideSolutionNode = FALSE
	EndGlobalSection
	GlobalSection(ExtensibilityGlobals) = postSolution
		SolutionGuid = {A2396D23-AB19-4ACA-A751-EDE41C522476}
	EndGlobalSection
EndGlobal
